
Microsoft Visual Studio Solution File, Format Version 12.00
# Visual Studio Version 17
VisualStudioVersion = 17.3.32901.215
MinimumVisualStudioVersion = 10.0.40219.1
Project("{FAE04EC0-301F-11D3-BF4B-00C04F79EFBC}") = "MicroSocialServer", "MicroSocialServer\MicroSocialServer.csproj", "{D8D09AF4-E048-4523-81AE-48485C99E78B}"
EndProject
Global
	GlobalSection(SolutionConfigurationPlatforms) = preSolution
		Debug|Any CPU = Debug|Any CPU
		Release|Any CPU = Release|Any CPU
	EndGlobalSection
	GlobalSection(ProjectConfigurationPlatforms) = postSolution
		{D8D09AF4-E048-4523-81AE-48485C99E78B}.Debug|Any CPU.ActiveCfg = Debug|Any CPU
		{D8D09AF4-E048-4523-81AE-48485C99E78B}.Debug|Any CPU.Build.0 = Debug|Any CPU
		{D8D09AF4-E048-4523-81AE-48485C99E78B}.Release|Any CPU.ActiveCfg = Release|Any CPU
		{D8D09AF4-E048-4523-81AE-48485C99E78B}.Release|Any CPU.Build.0 = Release|Any CPU
	EndGlobalSection
	GlobalSection(SolutionProperties) = preSolution
		HideSolutionNode = FALSE
	EndGlobalSection
	GlobalSection(ExtensibilityGlobals) = postSolution
		SolutionGuid = {D5532349-DD88-4C9E-B4DD-12F44D942075}
	EndGlobalSection
EndGlobal
